
Microsoft Visual Studio Solution File, Format Version 12.00
# Visual Studio Version 16
VisualStudioVersion = 16.0.30804.86
MinimumVisualStudioVersion = 10.0.40219.1
Project("{FAE04EC0-301F-11D3-BF4B-00C04F79EFBC}") = "PointOfSale", "PointOfSale\PointOfSale.csproj", "{4915381D-0FE2-4232-9C02-222FB33D7C73}"
EndProject
Project("{FAE04EC0-301F-11D3-BF4B-00C04F79EFBC}") = "PointOfSaleTests", "PointOfSaleTests\PointOfSaleTests.csproj", "{17B83216-54D6-4748-B03B-CBCF07B293A3}"
EndProject
Project("{FAE04EC0-301F-11D3-BF4B-00C04F79EFBC}") = "PointOfSaleServices", "PointOfSaleServices\PointOfSaleServices.csproj", "{040324E0-8FE7-4F41-B372-0C8B60B87D04}"
EndProject
Project("{FAE04EC0-301F-11D3-BF4B-00C04F79EFBC}") = "PointOfSalePersistence", "PointOfSalePersistence\PointOfSalePersistence.csproj", "{E1F8E714-3BC0-4BCE-B884-FC8BA57A02A9}"
EndProject
Global
	GlobalSection(SolutionConfigurationPlatforms) = preSolution
		Debug|Any CPU = Debug|Any CPU
		Release|Any CPU = Release|Any CPU
	EndGlobalSection
	GlobalSection(ProjectConfigurationPlatforms) = postSolution
		{4915381D-0FE2-4232-9C02-222FB33D7C73}.Debug|Any CPU.ActiveCfg = Debug|Any CPU
		{4915381D-0FE2-4232-9C02-222FB33D7C73}.Debug|Any CPU.Build.0 = Debug|Any CPU
		{4915381D-0FE2-4232-9C02-222FB33D7C73}.Release|Any CPU.ActiveCfg = Release|Any CPU
		{4915381D-0FE2-4232-9C02-222FB33D7C73}.Release|Any CPU.Build.0 = Release|Any CPU
		{17B83216-54D6-4748-B03B-CBCF07B293A3}.Debug|Any CPU.ActiveCfg = Debug|Any CPU
		{17B83216-54D6-4748-B03B-CBCF07B293A3}.Debug|Any CPU.Build.0 = Debug|Any CPU
		{17B83216-54D6-4748-B03B-CBCF07B293A3}.Release|Any CPU.ActiveCfg = Release|Any CPU
		{17B83216-54D6-4748-B03B-CBCF07B293A3}.Release|Any CPU.Build.0 = Release|Any CPU
		{040324E0-8FE7-4F41-B372-0C8B60B87D04}.Debug|Any CPU.ActiveCfg = Debug|Any CPU
		{040324E0-8FE7-4F41-B372-0C8B60B87D04}.Debug|Any CPU.Build.0 = Debug|Any CPU
		{040324E0-8FE7-4F41-B372-0C8B60B87D04}.Release|Any CPU.ActiveCfg = Release|Any CPU
		{040324E0-8FE7-4F41-B372-0C8B60B87D04}.Release|Any CPU.Build.0 = Release|Any CPU
		{E1F8E714-3BC0-4BCE-B884-FC8BA57A02A9}.Debug|Any CPU.ActiveCfg = Debug|Any CPU
		{E1F8E714-3BC0-4BCE-B884-FC8BA57A02A9}.Debug|Any CPU.Build.0 = Debug|Any CPU
		{E1F8E714-3BC0-4BCE-B884-FC8BA57A02A9}.Release|Any CPU.ActiveCfg = Release|Any CPU
		{E1F8E714-3BC0-4BCE-B884-FC8BA57A02A9}.Release|Any CPU.Build.0 = Release|Any CPU
	EndGlobalSection
	GlobalSection(SolutionProperties) = preSolution
		HideSolutionNode = FALSE
	EndGlobalSection
	GlobalSection(ExtensibilityGlobals) = postSolution
		SolutionGuid = {B620D612-A629-461C-97E4-6AC3D38D0994}
	EndGlobalSection
EndGlobal
